
Microsoft Visual Studio Solution File, Format Version 12.00
# Visual Studio Version 17
VisualStudioVersion = 17.13.35931.197
MinimumVisualStudioVersion = 10.0.40219.1
Project("{FAE04EC0-301F-11D3-BF4B-00C04F79EFBC}") = "FtpApi", "FtpApi\FtpApi.csproj", "{7439647D-E5BD-422B-9A94-6644EBD04D17}"
EndProject
Project("{FAE04EC0-301F-11D3-BF4B-00C04F79EFBC}") = "FtpApi.Tests", "FtpApi.Tests\FtpApi.Tests.csproj", "{B5A457A7-6375-4050-B01F-48B749CEF28B}"
EndProject
Project("{FAE04EC0-301F-11D3-BF4B-00C04F79EFBC}") = "FtpApi.Migrations", "FtpApi.Migrations\FtpApi.Migrations.csproj", "{A6B3E680-C00E-410A-86F4-663C667EB524}"
EndProject
Project("{FAE04EC0-301F-11D3-BF4B-00C04F79EFBC}") = "FtpApi.Data", "FtpApi.Data\FtpApi.Data.csproj", "{18334EB4-CD97-45F4-9E7D-4586BCFC5986}"
EndProject
Project("{FAE04EC0-301F-11D3-BF4B-00C04F79EFBC}") = "FtpApi.Application", "FtpApi.Application\FtpApi.Application.csproj", "{302CE2DF-838E-41A2-BA95-7D237434ABB2}"
EndProject
Project("{FAE04EC0-301F-11D3-BF4B-00C04F79EFBC}") = "FtpApi.IntegrationTests", "FtpApi.IntegrationTests\FtpApi.IntegrationTests.csproj", "{6F305E66-8191-43E1-88CE-89ACC0D230E2}"
EndProject
Project("{FAE04EC0-301F-11D3-BF4B-00C04F79EFBC}") = "FtpApi.FtpServer", "FtpApi.FtpServer\FtpApi.FtpServer.csproj", "{099BC27E-C14A-49F9-ABA1-592A1E3208BA}"
EndProject
Global
	GlobalSection(SolutionConfigurationPlatforms) = preSolution
		Debug|Any CPU = Debug|Any CPU
		Release|Any CPU = Release|Any CPU
	EndGlobalSection
	GlobalSection(ProjectConfigurationPlatforms) = postSolution
		{7439647D-E5BD-422B-9A94-6644EBD04D17}.Debug|Any CPU.ActiveCfg = Debug|Any CPU
		{7439647D-E5BD-422B-9A94-6644EBD04D17}.Debug|Any CPU.Build.0 = Debug|Any CPU
		{7439647D-E5BD-422B-9A94-6644EBD04D17}.Release|Any CPU.ActiveCfg = Release|Any CPU
		{7439647D-E5BD-422B-9A94-6644EBD04D17}.Release|Any CPU.Build.0 = Release|Any CPU
		{B5A457A7-6375-4050-B01F-48B749CEF28B}.Debug|Any CPU.ActiveCfg = Debug|Any CPU
		{B5A457A7-6375-4050-B01F-48B749CEF28B}.Debug|Any CPU.Build.0 = Debug|Any CPU
		{B5A457A7-6375-4050-B01F-48B749CEF28B}.Release|Any CPU.ActiveCfg = Release|Any CPU
		{B5A457A7-6375-4050-B01F-48B749CEF28B}.Release|Any CPU.Build.0 = Release|Any CPU
		{A6B3E680-C00E-410A-86F4-663C667EB524}.Debug|Any CPU.ActiveCfg = Debug|Any CPU
		{A6B3E680-C00E-410A-86F4-663C667EB524}.Debug|Any CPU.Build.0 = Debug|Any CPU
		{A6B3E680-C00E-410A-86F4-663C667EB524}.Release|Any CPU.ActiveCfg = Release|Any CPU
		{A6B3E680-C00E-410A-86F4-663C667EB524}.Release|Any CPU.Build.0 = Release|Any CPU
		{18334EB4-CD97-45F4-9E7D-4586BCFC5986}.Debug|Any CPU.ActiveCfg = Debug|Any CPU
		{18334EB4-CD97-45F4-9E7D-4586BCFC5986}.Debug|Any CPU.Build.0 = Debug|Any CPU
		{18334EB4-CD97-45F4-9E7D-4586BCFC5986}.Release|Any CPU.ActiveCfg = Release|Any CPU
		{18334EB4-CD97-45F4-9E7D-4586BCFC5986}.Release|Any CPU.Build.0 = Release|Any CPU
		{302CE2DF-838E-41A2-BA95-7D237434ABB2}.Debug|Any CPU.ActiveCfg = Debug|Any CPU
		{302CE2DF-838E-41A2-BA95-7D237434ABB2}.Debug|Any CPU.Build.0 = Debug|Any CPU
		{302CE2DF-838E-41A2-BA95-7D237434ABB2}.Release|Any CPU.ActiveCfg = Release|Any CPU
		{302CE2DF-838E-41A2-BA95-7D237434ABB2}.Release|Any CPU.Build.0 = Release|Any CPU
		{6F305E66-8191-43E1-88CE-89ACC0D230E2}.Debug|Any CPU.ActiveCfg = Debug|Any CPU
		{6F305E66-8191-43E1-88CE-89ACC0D230E2}.Debug|Any CPU.Build.0 = Debug|Any CPU
		{6F305E66-8191-43E1-88CE-89ACC0D230E2}.Release|Any CPU.ActiveCfg = Release|Any CPU
		{6F305E66-8191-43E1-88CE-89ACC0D230E2}.Release|Any CPU.Build.0 = Release|Any CPU
		{099BC27E-C14A-49F9-ABA1-592A1E3208BA}.Debug|Any CPU.ActiveCfg = Debug|Any CPU
		{099BC27E-C14A-49F9-ABA1-592A1E3208BA}.Debug|Any CPU.Build.0 = Debug|Any CPU
		{099BC27E-C14A-49F9-ABA1-592A1E3208BA}.Release|Any CPU.ActiveCfg = Release|Any CPU
		{099BC27E-C14A-49F9-ABA1-592A1E3208BA}.Release|Any CPU.Build.0 = Release|Any CPU
	EndGlobalSection
	GlobalSection(SolutionProperties) = preSolution
		HideSolutionNode = FALSE
	EndGlobalSection
	GlobalSection(ExtensibilityGlobals) = postSolution
		SolutionGuid = {A549D3D1-95F7-4492-BBAF-9C0F2DC6C332}
	EndGlobalSection
EndGlobal
